
Microsoft Visual Studio Solution File, Format Version 12.00
# Visual Studio Express 2012 for Windows Desktop
Project("{8BC9CEB8-8B4A-11D0-8D11-00A0C91BC942}") = "2x03 Financial Algorithms in C++", "2x03 Financial Algorithms in C++.vcxproj", "{D3CF352F-E422-4201-B162-932458579C57}"
EndProject
Global
	GlobalSection(SolutionConfigurationPlatforms) = preSolution
		Debug|Win32 = Debug|Win32
		Release|Win32 = Release|Win32
	EndGlobalSection
	GlobalSection(ProjectConfigurationPlatforms) = postSolution
		{D3CF352F-E422-4201-B162-932458579C57}.Debug|Win32.ActiveCfg = Debug|Win32
		{D3CF352F-E422-4201-B162-932458579C57}.Debug|Win32.Build.0 = Debug|Win32
		{D3CF352F-E422-4201-B162-932458579C57}.Release|Win32.ActiveCfg = Release|Win32
		{D3CF352F-E422-4201-B162-932458579C57}.Release|Win32.Build.0 = Release|Win32
	EndGlobalSection
	GlobalSection(SolutionProperties) = preSolution
		HideSolutionNode = FALSE
	EndGlobalSection
EndGlobal
